
Microsoft Visual Studio Solution File, Format Version 12.00
# Visual Studio Version 17
VisualStudioVersion = 17.14.36109.1
MinimumVisualStudioVersion = 10.0.40219.1
Project("{FAE04EC0-301F-11D3-BF4B-00C04F79EFBC}") = "AuthAPI", "AuthAPI\AuthAPI.csproj", "{882F97B0-6E61-4E5E-A884-4661CFE69402}"
EndProject
Project("{FAE04EC0-301F-11D3-BF4B-00C04F79EFBC}") = "AuthCourseViews", "AuthCourseViews\AuthCourseViews.csproj", "{F3D71F6B-2842-4F02-999B-0D833E0738B0}"
EndProject
Project("{FAE04EC0-301F-11D3-BF4B-00C04F79EFBC}") = "Model", "ClassLibrary1\Model.csproj", "{B73ADD7D-A41D-4D96-94BA-BFBB4EA29461}"
EndProject
Global
	GlobalSection(SolutionConfigurationPlatforms) = preSolution
		Debug|Any CPU = Debug|Any CPU
		Release|Any CPU = Release|Any CPU
	EndGlobalSection
	GlobalSection(ProjectConfigurationPlatforms) = postSolution
		{882F97B0-6E61-4E5E-A884-4661CFE69402}.Debug|Any CPU.ActiveCfg = Debug|Any CPU
		{882F97B0-6E61-4E5E-A884-4661CFE69402}.Debug|Any CPU.Build.0 = Debug|Any CPU
		{882F97B0-6E61-4E5E-A884-4661CFE69402}.Release|Any CPU.ActiveCfg = Release|Any CPU
		{882F97B0-6E61-4E5E-A884-4661CFE69402}.Release|Any CPU.Build.0 = Release|Any CPU
		{F3D71F6B-2842-4F02-999B-0D833E0738B0}.Debug|Any CPU.ActiveCfg = Debug|Any CPU
		{F3D71F6B-2842-4F02-999B-0D833E0738B0}.Debug|Any CPU.Build.0 = Debug|Any CPU
		{F3D71F6B-2842-4F02-999B-0D833E0738B0}.Release|Any CPU.ActiveCfg = Release|Any CPU
		{F3D71F6B-2842-4F02-999B-0D833E0738B0}.Release|Any CPU.Build.0 = Release|Any CPU
		{B73ADD7D-A41D-4D96-94BA-BFBB4EA29461}.Debug|Any CPU.ActiveCfg = Debug|Any CPU
		{B73ADD7D-A41D-4D96-94BA-BFBB4EA29461}.Debug|Any CPU.Build.0 = Debug|Any CPU
		{B73ADD7D-A41D-4D96-94BA-BFBB4EA29461}.Release|Any CPU.ActiveCfg = Release|Any CPU
		{B73ADD7D-A41D-4D96-94BA-BFBB4EA29461}.Release|Any CPU.Build.0 = Release|Any CPU
	EndGlobalSection
	GlobalSection(SolutionProperties) = preSolution
		HideSolutionNode = FALSE
	EndGlobalSection
	GlobalSection(ExtensibilityGlobals) = postSolution
		SolutionGuid = {4AFE15D4-2336-4698-843A-B888DD892CEE}
	EndGlobalSection
EndGlobal
